# This file was autogenerated by Stack.
# You should not edit this file by hand.
# For more information, please see the documentation at:
#   https://docs.haskellstack.org/en/stable/topics/lock_files

packages: []
snapshots:
- completed:
    sha256: 9edc61981ea0123103c6f117744cd28d5890257b8104fea42f3d161217c5d856
    size: 714038
    url: https://raw.githubusercontent.com/commercialhaskell/stackage-snapshots/master/nightly/2025/5/19.yaml
  original: nightly-2025-05-19
